
Microsoft Visual Studio Solution File, Format Version 12.00
# Visual Studio Version 17
VisualStudioVersion = 17.6.33815.320
MinimumVisualStudioVersion = 10.0.40219.1
Project("{9A19103F-16F7-4668-BE54-9A1E7A4F7556}") = "API", "API\API.csproj", "{39088AC5-99D2-41F4-9725-23173D069135}"
EndProject
Project("{9A19103F-16F7-4668-BE54-9A1E7A4F7556}") = "Services", "Services\Services.csproj", "{E97348B3-2DB2-42D9-B147-5F4761D99577}"
EndProject
Project("{9A19103F-16F7-4668-BE54-9A1E7A4F7556}") = "Log", "Log\Log.csproj", "{E0EABA21-4D96-4817-BDFE-2E47FDF531B8}"
EndProject
Project("{9A19103F-16F7-4668-BE54-9A1E7A4F7556}") = "Model", "Model\Model.csproj", "{225B3886-5D54-4DF8-9859-066331A18399}"
EndProject
Project("{9A19103F-16F7-4668-BE54-9A1E7A4F7556}") = "Repository", "Repository\Repository.csproj", "{6F533673-EACC-4228-8EC6-8AA67FDD958E}"
EndProject
Project("{FAE04EC0-301F-11D3-BF4B-00C04F79EFBC}") = "Persistance", "Persistance\Persistance.csproj", "{499555C9-D321-4D1B-8AE9-7C701E9232E3}"
EndProject
Global
	GlobalSection(SolutionConfigurationPlatforms) = preSolution
		Debug|Any CPU = Debug|Any CPU
		Release|Any CPU = Release|Any CPU
	EndGlobalSection
	GlobalSection(ProjectConfigurationPlatforms) = postSolution
		{39088AC5-99D2-41F4-9725-23173D069135}.Debug|Any CPU.ActiveCfg = Debug|Any CPU
		{39088AC5-99D2-41F4-9725-23173D069135}.Debug|Any CPU.Build.0 = Debug|Any CPU
		{39088AC5-99D2-41F4-9725-23173D069135}.Release|Any CPU.ActiveCfg = Release|Any CPU
		{39088AC5-99D2-41F4-9725-23173D069135}.Release|Any CPU.Build.0 = Release|Any CPU
		{E97348B3-2DB2-42D9-B147-5F4761D99577}.Debug|Any CPU.ActiveCfg = Debug|Any CPU
		{E97348B3-2DB2-42D9-B147-5F4761D99577}.Debug|Any CPU.Build.0 = Debug|Any CPU
		{E97348B3-2DB2-42D9-B147-5F4761D99577}.Release|Any CPU.ActiveCfg = Release|Any CPU
		{E97348B3-2DB2-42D9-B147-5F4761D99577}.Release|Any CPU.Build.0 = Release|Any CPU
		{E0EABA21-4D96-4817-BDFE-2E47FDF531B8}.Debug|Any CPU.ActiveCfg = Debug|Any CPU
		{E0EABA21-4D96-4817-BDFE-2E47FDF531B8}.Debug|Any CPU.Build.0 = Debug|Any CPU
		{E0EABA21-4D96-4817-BDFE-2E47FDF531B8}.Release|Any CPU.ActiveCfg = Release|Any CPU
		{E0EABA21-4D96-4817-BDFE-2E47FDF531B8}.Release|Any CPU.Build.0 = Release|Any CPU
		{225B3886-5D54-4DF8-9859-066331A18399}.Debug|Any CPU.ActiveCfg = Debug|Any CPU
		{225B3886-5D54-4DF8-9859-066331A18399}.Debug|Any CPU.Build.0 = Debug|Any CPU
		{225B3886-5D54-4DF8-9859-066331A18399}.Release|Any CPU.ActiveCfg = Release|Any CPU
		{225B3886-5D54-4DF8-9859-066331A18399}.Release|Any CPU.Build.0 = Release|Any CPU
		{6F533673-EACC-4228-8EC6-8AA67FDD958E}.Debug|Any CPU.ActiveCfg = Debug|Any CPU
		{6F533673-EACC-4228-8EC6-8AA67FDD958E}.Debug|Any CPU.Build.0 = Debug|Any CPU
		{6F533673-EACC-4228-8EC6-8AA67FDD958E}.Release|Any CPU.ActiveCfg = Release|Any CPU
		{6F533673-EACC-4228-8EC6-8AA67FDD958E}.Release|Any CPU.Build.0 = Release|Any CPU
		{499555C9-D321-4D1B-8AE9-7C701E9232E3}.Debug|Any CPU.ActiveCfg = Debug|Any CPU
		{499555C9-D321-4D1B-8AE9-7C701E9232E3}.Debug|Any CPU.Build.0 = Debug|Any CPU
		{499555C9-D321-4D1B-8AE9-7C701E9232E3}.Release|Any CPU.ActiveCfg = Release|Any CPU
		{499555C9-D321-4D1B-8AE9-7C701E9232E3}.Release|Any CPU.Build.0 = Release|Any CPU
	EndGlobalSection
	GlobalSection(SolutionProperties) = preSolution
		HideSolutionNode = FALSE
	EndGlobalSection
	GlobalSection(ExtensibilityGlobals) = postSolution
		SolutionGuid = {A1A9ABDB-430B-4301-89BB-604DC4E5B915}
	EndGlobalSection
EndGlobal
